
Microsoft Visual Studio Solution File, Format Version 12.00
# Visual Studio Version 16
VisualStudioVersion = 16.0.29209.62
MinimumVisualStudioVersion = 10.0.40219.1
Project("{FAE04EC0-301F-11D3-BF4B-00C04F79EFBC}") = "WebAppFSIS", "WebAppFSIS\WebAppFSIS.csproj", "{5FBB7803-D1C8-403C-B19A-055028846784}"
EndProject
Project("{FAE04EC0-301F-11D3-BF4B-00C04F79EFBC}") = "FSISSystem", "FSISSystem\FSISSystem.csproj", "{7626674E-75D0-4D50-B0C0-343D8FD50F4E}"
EndProject
Global
	GlobalSection(SolutionConfigurationPlatforms) = preSolution
		Debug|Any CPU = Debug|Any CPU
		Release|Any CPU = Release|Any CPU
	EndGlobalSection
	GlobalSection(ProjectConfigurationPlatforms) = postSolution
		{5FBB7803-D1C8-403C-B19A-055028846784}.Debug|Any CPU.ActiveCfg = Debug|Any CPU
		{5FBB7803-D1C8-403C-B19A-055028846784}.Debug|Any CPU.Build.0 = Debug|Any CPU
		{5FBB7803-D1C8-403C-B19A-055028846784}.Release|Any CPU.ActiveCfg = Release|Any CPU
		{5FBB7803-D1C8-403C-B19A-055028846784}.Release|Any CPU.Build.0 = Release|Any CPU
		{7626674E-75D0-4D50-B0C0-343D8FD50F4E}.Debug|Any CPU.ActiveCfg = Debug|Any CPU
		{7626674E-75D0-4D50-B0C0-343D8FD50F4E}.Debug|Any CPU.Build.0 = Debug|Any CPU
		{7626674E-75D0-4D50-B0C0-343D8FD50F4E}.Release|Any CPU.ActiveCfg = Release|Any CPU
		{7626674E-75D0-4D50-B0C0-343D8FD50F4E}.Release|Any CPU.Build.0 = Release|Any CPU
	EndGlobalSection
	GlobalSection(SolutionProperties) = preSolution
		HideSolutionNode = FALSE
	EndGlobalSection
	GlobalSection(ExtensibilityGlobals) = postSolution
		SolutionGuid = {0056BCED-1F3F-4D99-9075-D27BB98DDC8A}
	EndGlobalSection
EndGlobal
